<Solution>
  <Folder Name="/src/">
    <Project Path="src/SupportTicketManagementSystem.API/SupportTicketManagementSystem.API.csproj" />
    <Project Path="src/SupportTicketManagementSystem.Application/SupportTicketManagementSystem.Application.csproj" />
    <Project Path="src/SupportTicketManagementSystem.Domain/SupportTicketManagementSystem.Domain.csproj" />
    <Project Path="src/SupportTicketManagementSystem.Infrastructure/SupportTicketManagementSystem.Infrastructure.csproj" />
  </Folder>
  <Folder Name="/tests/">
    <Project Path="tests/SupportTicketManagementSystem.IntegrationTests/SupportTicketManagementSystem.IntegrationTests.csproj" />
  </Folder>
</Solution>
